
// !$*UTF8*$!
{
	archiveVersion = 1;
	classes = {
	};
	objectVersion = 50;
	objects = {

/* Begin PBXBuildFile section */
		094CF20F21B8EAC800AE6C2A /* HealthySnacks.mlmodel in Sources */ = {isa = PBXBuildFile; fileRef = 094CF20E21B8EAC800AE6C2A /* HealthySnacks.mlmodel */; };
		7B11BA832048333700D790AA /* CGImagePropertyOrientation.swift in Sources */ = {isa = PBXBuildFile; fileRef = 7B11BA822048333700D790AA /* CGImagePropertyOrientation.swift */; };
		7BF6C660204818EC00606217 /* AppDelegate.swift in Sources */ = {isa = PBXBuildFile; fileRef = 7BF6C65F204818EC00606217 /* AppDelegate.swift */; };
		7BF6C662204818EC00606217 /* ViewController.swift in Sources */ = {isa = PBXBuildFile; fileRef = 7BF6C661204818EC00606217 /* ViewController.swift */; };
		7BF6C665204818EC00606217 /* Main.storyboard in Resources */ = {isa = PBXBuildFile; fileRef = 7BF6C663204818EC00606217 /* Main.storyboard */; };
		7BF6C667204818ED00606217 /* Assets.xcassets in Resources */ = {isa = PBXBuildFile; fileRef = 7BF6C666204818ED00606217 /* Assets.xcassets */; };